<Solution>
  <Project Path="src/API/PasswordGenerator.Api.csproj" />
  <Project Path="src/Application/PasswordGenerator.Application.csproj" />
  <Project Path="src/Domain/PasswordGenerator.Domain.csproj" />
  <Project Path="src/Infrastructure.Data/PasswordGenerator.Infrastructure.Data.csproj" />
  <Project Path="Tests/PasswordGenerator.Tests.csproj" />
</Solution>